{
  "object": {
    "pins": [
      {
        "package": "HandyOperators",
        "repositoryURL": "https://github.com/juliand665/HandyOperators",
        "state": {
          "branch": null,
          "revision": "27f60a00d9ad310afdf66cc7a25adc4bdb387d58",
          "version": "2.0.1"
        }
      },
      {
        "package": "SimpleParser",
        "repositoryURL": "https://github.com/juliand665/SimpleParser",
        "state": {
          "branch": "main",
          "revision": "785dce487377ac789c65aa5e7d9a85d4f45c54da",
          "version": null
        }
      }
    ]
  },
  "version": 1
}
